
Microsoft Visual Studio Solution File, Format Version 12.00
# Visual Studio Version 17
VisualStudioVersion = 17.2.32519.379
MinimumVisualStudioVersion = 10.0.40219.1
Project("{FAE04EC0-301F-11D3-BF4B-00C04F79EFBC}") = "HiringTest", "HiringTest\HiringTest.csproj", "{D2F5007E-03BC-44C8-B396-EB7D424F7A44}"
EndProject
Project("{FAE04EC0-301F-11D3-BF4B-00C04F79EFBC}") = "TestClientBlazor", "TestClientBlazor\TestClientBlazor.csproj", "{0C836CA5-4295-418D-8C94-03D960B000B5}"
EndProject
Project("{FAE04EC0-301F-11D3-BF4B-00C04F79EFBC}") = "DataAccess", "DataAccess\DataAccess.csproj", "{291A4EB5-80A8-497E-B7C6-DC3FB32043D1}"
EndProject
Project("{FAE04EC0-301F-11D3-BF4B-00C04F79EFBC}") = "Domain", "Domain\Domain.csproj", "{76065B16-485F-4D75-94C5-682DD0F74821}"
EndProject
Project("{FAE04EC0-301F-11D3-BF4B-00C04F79EFBC}") = "Services", "Services\Services.csproj", "{1390757C-76D0-4DB2-838A-0DF99286E3B9}"
EndProject
Project("{FAE04EC0-301F-11D3-BF4B-00C04F79EFBC}") = "HiringTest.Test", "HiringTest.Test\HiringTest.Test.csproj", "{8A81A8A3-5C13-417D-9E62-A0813638EB29}"
EndProject
Global
	GlobalSection(SolutionConfigurationPlatforms) = preSolution
		Debug|Any CPU = Debug|Any CPU
		Release|Any CPU = Release|Any CPU
	EndGlobalSection
	GlobalSection(ProjectConfigurationPlatforms) = postSolution
		{D2F5007E-03BC-44C8-B396-EB7D424F7A44}.Debug|Any CPU.ActiveCfg = Debug|Any CPU
		{D2F5007E-03BC-44C8-B396-EB7D424F7A44}.Debug|Any CPU.Build.0 = Debug|Any CPU
		{D2F5007E-03BC-44C8-B396-EB7D424F7A44}.Release|Any CPU.ActiveCfg = Release|Any CPU
		{D2F5007E-03BC-44C8-B396-EB7D424F7A44}.Release|Any CPU.Build.0 = Release|Any CPU
		{0C836CA5-4295-418D-8C94-03D960B000B5}.Debug|Any CPU.ActiveCfg = Debug|Any CPU
		{0C836CA5-4295-418D-8C94-03D960B000B5}.Debug|Any CPU.Build.0 = Debug|Any CPU
		{0C836CA5-4295-418D-8C94-03D960B000B5}.Release|Any CPU.ActiveCfg = Release|Any CPU
		{0C836CA5-4295-418D-8C94-03D960B000B5}.Release|Any CPU.Build.0 = Release|Any CPU
		{291A4EB5-80A8-497E-B7C6-DC3FB32043D1}.Debug|Any CPU.ActiveCfg = Debug|Any CPU
		{291A4EB5-80A8-497E-B7C6-DC3FB32043D1}.Debug|Any CPU.Build.0 = Debug|Any CPU
		{291A4EB5-80A8-497E-B7C6-DC3FB32043D1}.Release|Any CPU.ActiveCfg = Release|Any CPU
		{291A4EB5-80A8-497E-B7C6-DC3FB32043D1}.Release|Any CPU.Build.0 = Release|Any CPU
		{76065B16-485F-4D75-94C5-682DD0F74821}.Debug|Any CPU.ActiveCfg = Debug|Any CPU
		{76065B16-485F-4D75-94C5-682DD0F74821}.Debug|Any CPU.Build.0 = Debug|Any CPU
		{76065B16-485F-4D75-94C5-682DD0F74821}.Release|Any CPU.ActiveCfg = Release|Any CPU
		{76065B16-485F-4D75-94C5-682DD0F74821}.Release|Any CPU.Build.0 = Release|Any CPU
		{1390757C-76D0-4DB2-838A-0DF99286E3B9}.Debug|Any CPU.ActiveCfg = Debug|Any CPU
		{1390757C-76D0-4DB2-838A-0DF99286E3B9}.Debug|Any CPU.Build.0 = Debug|Any CPU
		{1390757C-76D0-4DB2-838A-0DF99286E3B9}.Release|Any CPU.ActiveCfg = Release|Any CPU
		{1390757C-76D0-4DB2-838A-0DF99286E3B9}.Release|Any CPU.Build.0 = Release|Any CPU
		{8A81A8A3-5C13-417D-9E62-A0813638EB29}.Debug|Any CPU.ActiveCfg = Debug|Any CPU
		{8A81A8A3-5C13-417D-9E62-A0813638EB29}.Debug|Any CPU.Build.0 = Debug|Any CPU
		{8A81A8A3-5C13-417D-9E62-A0813638EB29}.Release|Any CPU.ActiveCfg = Release|Any CPU
		{8A81A8A3-5C13-417D-9E62-A0813638EB29}.Release|Any CPU.Build.0 = Release|Any CPU
	EndGlobalSection
	GlobalSection(SolutionProperties) = preSolution
		HideSolutionNode = FALSE
	EndGlobalSection
	GlobalSection(ExtensibilityGlobals) = postSolution
		SolutionGuid = {73B0C21B-CF5D-44F7-954F-09666ED44D03}
	EndGlobalSection
EndGlobal
